
Microsoft Visual Studio Solution File, Format Version 12.00
# Visual Studio Version 16
VisualStudioVersion = 16.0.31702.278
MinimumVisualStudioVersion = 10.0.40219.1
Project("{FAE04EC0-301F-11D3-BF4B-00C04F79EFBC}") = "MemberNames", "MemberNames\MemberNames.csproj", "{83A06666-A2D5-4854-AD21-1D1810D19DDF}"
EndProject
Global
	GlobalSection(SolutionConfigurationPlatforms) = preSolution
		Debug|Any CPU = Debug|Any CPU
		Release|Any CPU = Release|Any CPU
	EndGlobalSection
	GlobalSection(ProjectConfigurationPlatforms) = postSolution
		{83A06666-A2D5-4854-AD21-1D1810D19DDF}.Debug|Any CPU.ActiveCfg = Debug|Any CPU
		{83A06666-A2D5-4854-AD21-1D1810D19DDF}.Debug|Any CPU.Build.0 = Debug|Any CPU
		{83A06666-A2D5-4854-AD21-1D1810D19DDF}.Release|Any CPU.ActiveCfg = Release|Any CPU
		{83A06666-A2D5-4854-AD21-1D1810D19DDF}.Release|Any CPU.Build.0 = Release|Any CPU
	EndGlobalSection
	GlobalSection(SolutionProperties) = preSolution
		HideSolutionNode = FALSE
	EndGlobalSection
	GlobalSection(ExtensibilityGlobals) = postSolution
		SolutionGuid = {3EC9216F-98F7-418E-9943-592B7A6345A1}
	EndGlobalSection
EndGlobal
